
Microsoft Visual Studio Solution File, Format Version 12.00
# Visual Studio Version 16
VisualStudioVersion = 16.0.31729.503
MinimumVisualStudioVersion = 10.0.40219.1
Project("{FAE04EC0-301F-11D3-BF4B-00C04F79EFBC}") = "EditorHTML", "EditorHTML\EditorHTML.csproj", "{42DD0428-2354-46F7-AA8C-1AEBCFF4C8EF}"
EndProject
Global
	GlobalSection(SolutionConfigurationPlatforms) = preSolution
		Debug|Any CPU = Debug|Any CPU
		Release|Any CPU = Release|Any CPU
	EndGlobalSection
	GlobalSection(ProjectConfigurationPlatforms) = postSolution
		{42DD0428-2354-46F7-AA8C-1AEBCFF4C8EF}.Debug|Any CPU.ActiveCfg = Debug|Any CPU
		{42DD0428-2354-46F7-AA8C-1AEBCFF4C8EF}.Debug|Any CPU.Build.0 = Debug|Any CPU
		{42DD0428-2354-46F7-AA8C-1AEBCFF4C8EF}.Release|Any CPU.ActiveCfg = Release|Any CPU
		{42DD0428-2354-46F7-AA8C-1AEBCFF4C8EF}.Release|Any CPU.Build.0 = Release|Any CPU
	EndGlobalSection
	GlobalSection(SolutionProperties) = preSolution
		HideSolutionNode = FALSE
	EndGlobalSection
	GlobalSection(ExtensibilityGlobals) = postSolution
		SolutionGuid = {B5BAD2B7-9050-4065-BB6E-E4E2237F1629}
	EndGlobalSection
EndGlobal
